
Microsoft Visual Studio Solution File, Format Version 12.00
# Visual Studio Version 16
VisualStudioVersion = 16.0.32106.194
MinimumVisualStudioVersion = 10.0.40219.1
Project("{FAE04EC0-301F-11D3-BF4B-00C04F79EFBC}") = "EFREI-MetroBoulotDodo", "EFREI-MetroBoulotDodo\EFREI-MetroBoulotDodo.csproj", "{765D7EE2-56DD-4C8F-8861-54C2291961F1}"
EndProject
Global
	GlobalSection(SolutionConfigurationPlatforms) = preSolution
		Debug|Any CPU = Debug|Any CPU
		Release|Any CPU = Release|Any CPU
	EndGlobalSection
	GlobalSection(ProjectConfigurationPlatforms) = postSolution
		{765D7EE2-56DD-4C8F-8861-54C2291961F1}.Debug|Any CPU.ActiveCfg = Debug|Any CPU
		{765D7EE2-56DD-4C8F-8861-54C2291961F1}.Debug|Any CPU.Build.0 = Debug|Any CPU
		{765D7EE2-56DD-4C8F-8861-54C2291961F1}.Release|Any CPU.ActiveCfg = Release|Any CPU
		{765D7EE2-56DD-4C8F-8861-54C2291961F1}.Release|Any CPU.Build.0 = Release|Any CPU
	EndGlobalSection
	GlobalSection(SolutionProperties) = preSolution
		HideSolutionNode = FALSE
	EndGlobalSection
	GlobalSection(ExtensibilityGlobals) = postSolution
		SolutionGuid = {B3AFBCDA-CDFD-4D16-BA32-759B21F3CFBB}
	EndGlobalSection
EndGlobal
